
Microsoft Visual Studio Solution File, Format Version 11.00
# Visual Studio 2010
Project("{FAE04EC0-301F-11D3-BF4B-00C04F79EFBC}") = "Cookie-Clicker", "Assembly-CSharp.csproj", "{D43848F2-B5ED-24F6-61B2-8F7885DDEE14}"
EndProject
Global
	GlobalSection(SolutionConfigurationPlatforms) = preSolution
		Debug|Any CPU = Debug|Any CPU
		Release|Any CPU = Release|Any CPU
	EndGlobalSection
	GlobalSection(ProjectConfigurationPlatforms) = postSolution
		{D43848F2-B5ED-24F6-61B2-8F7885DDEE14}.Debug|Any CPU.ActiveCfg = Debug|Any CPU
		{D43848F2-B5ED-24F6-61B2-8F7885DDEE14}.Debug|Any CPU.Build.0 = Debug|Any CPU
		{D43848F2-B5ED-24F6-61B2-8F7885DDEE14}.Release|Any CPU.ActiveCfg = Release|Any CPU
		{D43848F2-B5ED-24F6-61B2-8F7885DDEE14}.Release|Any CPU.Build.0 = Release|Any CPU
	EndGlobalSection
	GlobalSection(SolutionProperties) = preSolution
		HideSolutionNode = FALSE
	EndGlobalSection
	GlobalSection(MonoDevelopProperties) = preSolution
		StartupItem = Assembly-CSharp.csproj
	EndGlobalSection
EndGlobal
